// !$*UTF8*$!
{
	archiveVersion = 1;
	classes = {
	};
	objectVersion = 48;
	objects = {

/* Begin PBXBuildFile section */
		9B2FA7F01FD4FC8500CEF9F1 /* AppDelegate.swift in Sources */ = {isa = PBXBuildFile; fileRef = 9B2FA7EF1FD4FC8500CEF9F1 /* AppDelegate.swift */; };
		9B2FA7F21FD4FC8500CEF9F1 /* ViewController.swift in Sources */ = {isa = PBXBuildFile; fileRef = 9B2FA7F11FD4FC8500CEF9F1 /* ViewController.swift */; };
		9B2FA7F51FD4FC8500CEF9F1 /* Main.storyboard in Resources */ = {isa = PBXBuildFile; fileRef = 9B2FA7F31FD4FC8500CEF9F1 /* Main.storyboard */; };
		9B2FA7F71FD4FC8500CEF9F1 /* Assets.xcassets in Resources */ = {isa = PBXBuildFile; fileRef = 9B2FA7F61FD4FC8500CEF9F1 /* Assets.xcassets */; };
		9B2FA7FA1FD4FC8500CEF9F1 /* LaunchScreen.storyboard in Resources */ = {isa = PBXBuildFile; fileRef = 9B2FA7F81FD4FC8500CEF9F1 /* LaunchScreen.storyboard */; };
		9B2FA8051FD4FC8500CEF9F1 /* SuspendButtonTests.swift in Sources */ = {isa = PBXBuildFile; fileRef = 9B2FA8041FD4FC8500CEF9F1 /* SuspendButtonTests.swift */; };
		9B2FA8101FD4FC8500CEF9F1 /* SuspendButtonUITests.swift in Sources */ = {isa = PBXBuildFile; fileRef = 9B2FA80F1FD4FC8500CEF9F1 /* SuspendButtonUITests.swift */; };
		9B2FA81E1FD520C600CEF9F1 /* WLButton.swift in Sources */ = {isa = PBXBuildFile; fileRef = 9B2FA81D1FD520C600CEF9F1 /* WLButton.swift */; };
/* End PBXBuildFile section */

/* Begin PBXContainerItemProxy section */
		9B2FA8011FD4FC8500CEF9F1 /* PBXContainerItemProxy */ = {
			isa = PBXContainerItemProxy;
			containerPortal = 9B2FA7E41FD4FC8500CEF9F1 /* Project object */;
			proxyType = 1;
			remoteGlobalIDString = 9B2FA7EB1FD4FC8500CEF9F1;
			remoteInfo = SuspendButton;
		};
		9B2FA80C1FD4FC8500CEF9F1 /* PBXContainerItemProxy */ = {
			isa = PBXContainerItemProxy;
			containerPortal = 9B2FA7E41FD4FC8500CEF9F1 /* Project object */;
			proxyType = 1;
			remoteGlobalIDString = 9B2FA7EB1FD4FC8500CEF9F1;
			remoteInfo = SuspendButton;
		};
/* End PBXContainerItemProxy section */

/* Begin PBXFileReference section */
		9B2FA7EC1FD4FC8500CEF9F1 /* SuspendButton.app */ = {isa = PBXFileReference; explicitFileType = wrapper.application; includeInIndex = 0; path = SuspendButton.app; sourceTree = BUILT_PRODUCTS_DIR; };
		9B2FA7EF1FD4FC8500CEF9F1 /* AppDelegate.swift */ = {isa = PBXFileReference; lastKnownFileType = sourcecode.swift; path = AppDelegate.swift; sourceTree = "<group>"; };
		9B2FA7F11FD4FC8500CEF9F1 /* ViewController.swift */ = {isa = PBXFileReference; lastKnownFileType = sourcecode.swift; path = ViewController.swift; sourceTree = "<group>"; };
		9B2FA7F41FD4FC8500CEF9F1 /* Base */ = {isa = PBXFileReference; lastKnownFileType = file.storyboard; name = Base; path = Base.lproj/Main.storyboard; sourceTree = "<group>"; };
		9B2FA7F61FD4FC8500CEF9F1 /* Assets.xcassets */ = {isa = PBXFileReference; lastKnownFileType = folder.assetcatalog; path = Assets.xcassets; sourceTree = "<group>"; };
		9B2FA7F91FD4FC8500CEF9F1 /* Base */ = {isa = PBXFileReference; lastKnownFileType = file.storyboard; name = Base; path = Base.lproj/LaunchScreen.storyboard; sourceTree = "<group>"; };
		9B2FA7FB1FD4FC8500CEF9F1 /* Info.plist */ = {isa = PBXFileReference; lastKnownFileType = text.plist.xml; path = Info.plist; sourceTree = "<group>"; };
		9B2FA8001FD4FC8500CEF9F1 /* SuspendButtonTests.xctest */ = {isa = PBXFileReference; explicitFileType = wrapper.cfbundle; includeInIndex = 0; path = SuspendButtonTests.xctest; sourceTree = BUILT_PRODUCTS_DIR; };
		9B2FA8041FD4FC8500CEF9F1 /* SuspendButtonTests.swift */ = {isa = PBXFileReference; lastKnownFileType = sourcecode.swift; path = SuspendButtonTests.swift; sourceTree = "<group>"; };
		9B2FA8061FD4FC8500CEF9F1 /* Info.plist */ = {isa = PBXFileReference; lastKnownFileType = text.plist.xml; path = Info.plist; sourceTree = "<group>"; };
		9B2FA80B1FD4FC8500CEF9F1 /* SuspendButtonUITests.xctest */ = {isa = PBXFileReference; explicitFileType = wrapper.cfbundle; includeInIndex = 0; path = SuspendButtonUITests.xctest; sourceTree = BUILT_PRODUCTS_DIR; };
		9B2FA80F1FD4FC8500CEF9F1 /* SuspendButtonUITests.swift */ = {isa = PBXFileReference; lastKnownFileType = sourcecode.swift; path = SuspendButtonUITests.swift; sourceTree = "<group>"; };
		9B2FA8111FD4FC8500CEF9F1 /* Info.plist */ = {isa = PBXFileReference; lastKnownFileType = text.plist.xml; path = Info.plist; sourceTree = "<group>"; };
		9B2FA81D1FD520C600CEF9F1 /* WLButton.swift */ = {isa = PBXFileReference; lastKnownFileType = sourcecode.swift; path = WLButton.swift; sourceTree = "<group>"; };
/* End PBXFileReference section */

/* Begin PBXFrameworksBuildPhase section */
		9B2FA7E91FD4FC8500CEF9F1 /* Frameworks */ = {
			isa = PBXFrameworksBuildPhase;
			buildActionMask = 2147483647;
			files = (
			);
			runOnlyForDeploymentPostprocessing = 0;
		};
		9B2FA7FD1FD4FC8500CEF9F1 /* Frameworks */ = {
			isa = PBXFrameworksBuildPhase;
			buildActionMask = 2147483647;
			files = (
			);
			runOnlyForDeploymentPostprocessing = 0;
		};
		9B2FA8081FD4FC8500CEF9F1 /* Frameworks */ = {
			isa = PBXFrameworksBuildPhase;
			buildActionMask = 2147483647;
			files = (
			);
			runOnlyForDeploymentPostprocessing = 0;
		};
/* End PBXFrameworksBuildPhase section */

/* Begin PBXGroup section */
		9B2FA7E31FD4FC8500CEF9F1 = {
			isa = PBXGroup;
			children = (
				9B2FA7EE1FD4FC8500CEF9F1 /* SuspendButton */,
				9B2FA8031FD4FC8500CEF9F1 /* SuspendButtonTests */,
				9B2FA80E1FD4FC8500CEF9F1 /* SuspendButtonUITests */,
				9B2FA7ED1FD4FC8500CEF9F1 /* Products */,
			);
			sourceTree = "<group>";
		};
		9B2FA7ED1FD4FC8500CEF9F1 /* Products */ = {
			isa = PBXGroup;
			children = (
				9B2FA7EC1FD4FC8500CEF9F1 /* SuspendButton.app */,
				9B2FA8001FD4FC8500CEF9F1 /* SuspendButtonTests.xctest */,
				9B2FA80B1FD4FC8500CEF9F1 /* SuspendButtonUITests.xctest */,
			);
			name = Products;
			sourceTree = "<group>";
		};
		9B2FA7EE1FD4FC8500CEF9F1 /* SuspendButton */ = {
			isa = PBXGroup;
			children = (
				9B2FA7EF1FD4FC8500CEF9F1 /* AppDelegate.swift */,
				9B2FA7F11FD4FC8500CEF9F1 /* ViewController.swift */,
				9B2FA81D1FD520C600CEF9F1 /* WLButton.swift */,
				9B2FA7F31FD4FC8500CEF9F1 /* Main.storyboard */,
				9B2FA7F61FD4FC8500CEF9F1 /* Assets.xcassets */,
				9B2FA7F81FD4FC8500CEF9F1 /* LaunchScreen.storyboard */,
				9B2FA7FB1FD4FC8500CEF9F1 /* Info.plist */,
			);
			path = SuspendButton;
			sourceTree = "<group>";
		};
		9B2FA8031FD4FC8500CEF9F1 /* SuspendButtonTests */ = {
			isa = PBXGroup;
			children = (
				9B2FA8041FD4FC8500CEF9F1 /* SuspendButtonTests.swift */,
				9B2FA8061FD4FC8500CEF9F1 /* Info.plist */,
			);
			path = SuspendButtonTests;
			sourceTree = "<group>";
		};
		9B2FA80E1FD4FC8500CEF9F1 /* SuspendButtonUITests */ = {
			isa = PBXGroup;
			children = (
				9B2FA80F1FD4FC8500CEF9F1 /* SuspendButtonUITests.swift */,
				9B2FA8111FD4FC8500CEF9F1 /* Info.plist */,
			);
			path = SuspendButtonUITests;
			sourceTree = "<group>";
		};
/* End PBXGroup section */

/* Begin PBXNativeTarget section */
		9B2FA7EB1FD4FC8500CEF9F1 /* SuspendButton */ = {
			isa = PBXNativeTarget;
			buildConfigurationList = 9B2FA8141FD4FC8500CEF9F1 /* Build configuration list for PBXNativeTarget "SuspendButton" */;
			buildPhases = (
				9B2FA7E81FD4FC8500CEF9F1 /* Sources */,
				9B2FA7E91FD4FC8500CEF9F1 /* Frameworks */,
				9B2FA7EA1FD4FC8500CEF9F1 /* Resources */,
			);
			buildRules = (
			);
			dependencies = (
			);
			name = SuspendButton;
			productName = SuspendButton;
			productReference = 9B2FA7EC1FD4FC8500CEF9F1 /* SuspendButton.app */;
			productType = "com.apple.product-type.application";
		};
		9B2FA7FF1FD4FC8500CEF9F1 /* SuspendButtonTests */ = {
			isa = PBXNativeTarget;
			buildConfigurationList = 9B2FA8171FD4FC8500CEF9F1 /* Build configuration list for PBXNativeTarget "SuspendButtonTests" */;
			buildPhases = (
				9B2FA7FC1FD4FC8500CEF9F1 /* Sources */,
				9B2FA7FD1FD4FC8500CEF9F1 /* Frameworks */,
				9B2FA7FE1FD4FC8500CEF9F1 /* Resources */,
			);
			buildRules = (
			);
			dependencies = (
				9B2FA8021FD4FC8500CEF9F1 /* PBXTargetDependency */,
			);
			name = SuspendButtonTests;
			productName = SuspendButtonTests;
			productReference = 9B2FA8001FD4FC8500CEF9F1 /* SuspendButtonTests.xctest */;
			productType = "com.apple.product-type.bundle.unit-test";
		};
		9B2FA80A1FD4FC8500CEF9F1 /* SuspendButtonUITests */ = {
			isa = PBXNativeTarget;
			buildConfigurationList = 9B2FA81A1FD4FC8500CEF9F1 /* Build configuration list for PBXNativeTarget "SuspendButtonUITests" */;
			buildPhases = (
				9B2FA8071FD4FC8500CEF9F1 /* Sources */,
				9B2FA8081FD4FC8500CEF9F1 /* Frameworks */,
				9B2FA8091FD4FC8500CEF9F1 /* Resources */,
			);
			buildRules = (
			);
			dependencies = (
				9B2FA80D1FD4FC8500CEF9F1 /* PBXTargetDependency */,
			);
			name = SuspendButtonUITests;
			productName = SuspendButtonUITests;
			productReference = 9B2FA80B1FD4FC8500CEF9F1 /* SuspendButtonUITests.xctest */;
			productType = "com.apple.product-type.bundle.ui-testing";
		};
/* End PBXNativeTarget section */

/* Begin PBXProject section */
		9B2FA7E41FD4FC8500CEF9F1 /* Project object */ = {
			isa = PBXProject;
			attributes = {
				LastSwiftUpdateCheck = 0910;
				LastUpgradeCheck = 0910;
				ORGANIZATIONNAME = "王垒";
				TargetAttributes = {
					9B2FA7EB1FD4FC8500CEF9F1 = {
						CreatedOnToolsVersion = 9.1;
						ProvisioningStyle = Automatic;
					};
					9B2FA7FF1FD4FC8500CEF9F1 = {
						CreatedOnToolsVersion = 9.1;
						ProvisioningStyle = Automatic;
						TestTargetID = 9B2FA7EB1FD4FC8500CEF9F1;
					};
					9B2FA80A1FD4FC8500CEF9F1 = {
						CreatedOnToolsVersion = 9.1;
						ProvisioningStyle = Automatic;
						TestTargetID = 9B2FA7EB1FD4FC8500CEF9F1;
					};
				};
			};
			buildConfigurationList = 9B2FA7E71FD4FC8500CEF9F1 /* Build configuration list for PBXProject "SuspendButton" */;
			compatibilityVersion = "Xcode 8.0";
			developmentRegion = en;
			hasScannedForEncodings = 0;
			knownRegions = (
				en,
				Base,
			);
			mainGroup = 9B2FA7E31FD4FC8500CEF9F1;
			productRefGroup = 9B2FA7ED1FD4FC8500CEF9F1 /* Products */;
			projectDirPath = "";
			projectRoot = "";
			targets = (
				9B2FA7EB1FD4FC8500CEF9F1 /* SuspendButton */,
				9B2FA7FF1FD4FC8500CEF9F1 /* SuspendButtonTests */,
				9B2FA80A1FD4FC8500CEF9F1 /* SuspendButtonUITests */,
			);
		};
/* End PBXProject section */

/* Begin PBXResourcesBuildPhase section */
		9B2FA7EA1FD4FC8500CEF9F1 /* Resources */ = {
			isa = PBXResourcesBuildPhase;
			buildActionMask = 2147483647;
			files = (
				9B2FA7FA1FD4FC8500CEF9F1 /* LaunchScreen.storyboard in Resources */,
				9B2FA7F71FD4FC8500CEF9F1 /* Assets.xcassets in Resources */,
				9B2FA7F51FD4FC8500CEF9F1 /* Main.storyboard in Resources */,
			);
			runOnlyForDeploymentPostprocessing = 0;
		};
		9B2FA7FE1FD4FC8500CEF9F1 /* Resources */ = {
			isa = PBXResourcesBuildPhase;
			buildActionMask = 2147483647;
			files = (
			);
			runOnlyForDeploymentPostprocessing = 0;
		};
		9B2FA8091FD4FC8500CEF9F1 /* Resources */ = {
			isa = PBXResourcesBuildPhase;
			buildActionMask = 2147483647;
			files = (
			);
			runOnlyForDeploymentPostprocessing = 0;
		};
/* End PBXResourcesBuildPhase section */

/* Begin PBXSourcesBuildPhase section */
		9B2FA7E81FD4FC8500CEF9F1 /* Sources */ = {
			isa = PBXSourcesBuildPhase;
			buildActionMask = 2147483647;
			files = (
				9B2FA81E1FD520C600CEF9F1 /* WLButton.swift in Sources */,
				9B2FA7F21FD4FC8500CEF9F1 /* ViewController.swift in Sources */,
				9B2FA7F01FD4FC8500CEF9F1 /* AppDelegate.swift in Sources */,
			);
			runOnlyForDeploymentPostprocessing = 0;
		};
		9B2FA7FC1FD4FC8500CEF9F1 /* Sources */ = {
			isa = PBXSourcesBuildPhase;
			buildActionMask = 2147483647;
			files = (
				9B2FA8051FD4FC8500CEF9F1 /* SuspendButtonTests.swift in Sources */,
			);
			runOnlyForDeploymentPostprocessing = 0;
		};
		9B2FA8071FD4FC8500CEF9F1 /* Sources */ = {
			isa = PBXSourcesBuildPhase;
			buildActionMask = 2147483647;
			files = (
				9B2FA8101FD4FC8500CEF9F1 /* SuspendButtonUITests.swift in Sources */,
			);
			runOnlyForDeploymentPostprocessing = 0;
		};
/* End PBXSourcesBuildPhase section */

/* Begin PBXTargetDependency section */
		9B2FA8021FD4FC8500CEF9F1 /* PBXTargetDependency */ = {
			isa = PBXTargetDependency;
			target = 9B2FA7EB1FD4FC8500CEF9F1 /* SuspendButton */;
			targetProxy = 9B2FA8011FD4FC8500CEF9F1 /* PBXContainerItemProxy */;
		};
		9B2FA80D1FD4FC8500CEF9F1 /* PBXTargetDependency */ = {
			isa = PBXTargetDependency;
			target = 9B2FA7EB1FD4FC8500CEF9F1 /* SuspendButton */;
			targetProxy = 9B2FA80C1FD4FC8500CEF9F1 /* PBXContainerItemProxy */;
		};
/* End PBXTargetDependency section */

/* Begin PBXVariantGroup section */
		9B2FA7F31FD4FC8500CEF9F1 /* Main.storyboard */ = {
			isa = PBXVariantGroup;
			children = (
				9B2FA7F41FD4FC8500CEF9F1 /* Base */,
			);
			name = Main.storyboard;
			sourceTree = "<group>";
		};
		9B2FA7F81FD4FC8500CEF9F1 /* LaunchScreen.storyboard */ = {
			isa = PBXVariantGroup;
			children = (
				9B2FA7F91FD4FC8500CEF9F1 /* Base */,
			);
			name = LaunchScreen.storyboard;
			sourceTree = "<group>";
		};
/* End PBXVariantGroup section */

/* Begin XCBuildConfiguration section */
		9B2FA8121FD4FC8500CEF9F1 /* Debug */ = {
			isa = XCBuildConfiguration;
			buildSettings = {
				ALWAYS_SEARCH_USER_PATHS = NO;
				CLANG_ANALYZER_NONNULL = YES;
				CLANG_ANALYZER_NUMBER_OBJECT_CONVERSION = YES_AGGRESSIVE;
				CLANG_CXX_LANGUAGE_STANDARD = "gnu++14";
				CLANG_CXX_LIBRARY = "libc++";
				CLANG_ENABLE_MODULES = YES;
				CLANG_ENABLE_OBJC_ARC = YES;
				CLANG_WARN_BLOCK_CAPTURE_AUTORELEASING = YES;
				CLANG_WARN_BOOL_CONVERSION = YES;
				CLANG_WARN_COMMA = YES;
				CLANG_WARN_CONSTANT_CONVERSION = YES;
				CLANG_WARN_DIRECT_OBJC_ISA_USAGE = YES_ERROR;
				CLANG_WARN_DOCUMENTATION_COMMENTS = YES;
				CLANG_WARN_EMPTY_BODY = YES;
				CLANG_WARN_ENUM_CONVERSION = YES;
				CLANG_WARN_INFINITE_RECURSION = YES;
				CLANG_WARN_INT_CONVERSION = YES;
				CLANG_WARN_NON_LITERAL_NULL_CONVERSION = YES;
				CLANG_WARN_OBJC_LITERAL_CONVERSION = YES;
				CLANG_WARN_OBJC_ROOT_CLASS = YES_ERROR;
				CLANG_WARN_RANGE_LOOP_ANALYSIS = YES;
				CLANG_WARN_STRICT_PROTOTYPES = YES;
				CLANG_WARN_SUSPICIOUS_MOVE = YES;
				CLANG_WARN_UNGUARDED_AVAILABILITY = YES_AGGRESSIVE;
				CLANG_WARN_UNREACHABLE_CODE = YES;
				CLANG_WARN__DUPLICATE_METHOD_MATCH = YES;
				CODE_SIGN_IDENTITY = "iPhone Developer";
				COPY_PHASE_STRIP = NO;
				DEBUG_INFORMATION_FORMAT = dwarf;
				ENABLE_STRICT_OBJC_MSGSEND = YES;
				ENABLE_TESTABILITY = YES;
				GCC_C_LANGUAGE_STANDARD = gnu11;
				GCC_DYNAMIC_NO_PIC = NO;
				GCC_NO_COMMON_BLOCKS = YES;
				GCC_OPTIMIZATION_LEVEL = 0;
				GCC_PREPROCESSOR_DEFINITIONS = (
					"DEBUG=1",
					"$(inherited)",
				);
				GCC_WARN_64_TO_32_BIT_CONVERSION = YES;
				GCC_WARN_ABOUT_RETURN_TYPE = YES_ERROR;
				GCC_WARN_UNDECLARED_SELECTOR = YES;
				GCC_WARN_UNINITIALIZED_AUTOS = YES_AGGRESSIVE;
				GCC_WARN_UNUSED_FUNCTION = YES;
				GCC_WARN_UNUSED_VARIABLE = YES;
				IPHONEOS_DEPLOYMENT_TARGET = 11.1;
				MTL_ENABLE_DEBUG_INFO = YES;
				ONLY_ACTIVE_ARCH = YES;
				SDKROOT = iphoneos;
				SWIFT_ACTIVE_COMPILATION_CONDITIONS = DEBUG;
				SWIFT_OPTIMIZATION_LEVEL = "-Onone";
			};
			name = Debug;
		};
		9B2FA8131FD4FC8500CEF9F1 /* Release */ = {
			isa = XCBuildConfiguration;
			buildSettings = {
				ALWAYS_SEARCH_USER_PATHS = NO;
				CLANG_ANALYZER_NONNULL = YES;
				CLANG_ANALYZER_NUMBER_OBJECT_CONVERSION = YES_AGGRESSIVE;
				CLANG_CXX_LANGUAGE_STANDARD = "gnu++14";
				CLANG_CXX_LIBRARY = "libc++";
				CLANG_ENABLE_MODULES = YES;
				CLANG_ENABLE_OBJC_ARC = YES;
				CLANG_WARN_BLOCK_CAPTURE_AUTORELEASING = YES;
				CLANG_WARN_BOOL_CONVERSION = YES;
				CLANG_WARN_COMMA = YES;
				CLANG_WARN_CONSTANT_CONVERSION = YES;
				CLANG_WARN_DIRECT_OBJC_ISA_USAGE = YES_ERROR;
				CLANG_WARN_DOCUMENTATION_COMMENTS = YES;
				CLANG_WARN_EMPTY_BODY = YES;
				CLANG_WARN_ENUM_CONVERSION = YES;
				CLANG_WARN_INFINITE_RECURSION = YES;
				CLANG_WARN_INT_CONVERSION = YES;
				CLANG_WARN_NON_LITERAL_NULL_CONVERSION = YES;
				CLANG_WARN_OBJC_LITERAL_CONVERSION = YES;
				CLANG_WARN_OBJC_ROOT_CLASS = YES_ERROR;
				CLANG_WARN_RANGE_LOOP_ANALYSIS = YES;
				CLANG_WARN_STRICT_PROTOTYPES = YES;
				CLANG_WARN_SUSPICIOUS_MOVE = YES;
				CLANG_WARN_UNGUARDED_AVAILABILITY = YES_AGGRESSIVE;
				CLANG_WARN_UNREACHABLE_CODE = YES;
				CLANG_WARN__DUPLICATE_METHOD_MATCH = YES;
				CODE_SIGN_IDENTITY = "iPhone Developer";
				COPY_PHASE_STRIP = NO;
				DEBUG_INFORMATION_FORMAT = "dwarf-with-dsym";
				ENABLE_NS_ASSERTIONS = NO;
				ENABLE_STRICT_OBJC_MSGSEND = YES;
				GCC_C_LANGUAGE_STANDARD = gnu11;
				GCC_NO_COMMON_BLOCKS = YES;
				GCC_WARN_64_TO_32_BIT_CONVERSION = YES;
				GCC_WARN_ABOUT_RETURN_TYPE = YES_ERROR;
				GCC_WARN_UNDECLARED_SELECTOR = YES;
				GCC_WARN_UNINITIALIZED_AUTOS = YES_AGGRESSIVE;
				GCC_WARN_UNUSED_FUNCTION = YES;
				GCC_WARN_UNUSED_VARIABLE = YES;
				IPHONEOS_DEPLOYMENT_TARGET = 11.1;
				MTL_ENABLE_DEBUG_INFO = NO;
				SDKROOT = iphoneos;
				SWIFT_OPTIMIZATION_LEVEL = "-Owholemodule";
				VALIDATE_PRODUCT = YES;
			};
			name = Release;
		};
		9B2FA8151FD4FC8500CEF9F1 /* Debug */ = {
			isa = XCBuildConfiguration;
			buildSettings = {
				ASSETCATALOG_COMPILER_APPICON_NAME = AppIcon;
				CODE_SIGN_STYLE = Automatic;
				INFOPLIST_FILE = SuspendButton/Info.plist;
				LD_RUNPATH_SEARCH_PATHS = "$(inherited) @executable_path/Frameworks";
				PRODUCT_BUNDLE_IDENTIFIER = "http---www.jianshu.com-u-6ae311ad394d.SuspendButton";
				PRODUCT_NAME = "$(TARGET_NAME)";
				SWIFT_VERSION = 3.0;
				TARGETED_DEVICE_FAMILY = "1,2";
			};
			name = Debug;
		};
		9B2FA8161FD4FC8500CEF9F1 /* Release */ = {
			isa = XCBuildConfiguration;
			buildSettings = {
				ASSETCATALOG_COMPILER_APPICON_NAME = AppIcon;
				CODE_SIGN_STYLE = Automatic;
				INFOPLIST_FILE = SuspendButton/Info.plist;
				LD_RUNPATH_SEARCH_PATHS = "$(inherited) @executable_path/Frameworks";
				PRODUCT_BUNDLE_IDENTIFIER = "http---www.jianshu.com-u-6ae311ad394d.SuspendButton";
				PRODUCT_NAME = "$(TARGET_NAME)";
				SWIFT_VERSION = 3.0;
				TARGETED_DEVICE_FAMILY = "1,2";
			};
			name = Release;
		};
		9B2FA8181FD4FC8500CEF9F1 /* Debug */ = {
			isa = XCBuildConfiguration;
			buildSettings = {
				ALWAYS_EMBED_SWIFT_STANDARD_LIBRARIES = YES;
				BUNDLE_LOADER = "$(TEST_HOST)";
				CODE_SIGN_STYLE = Automatic;
				INFOPLIST_FILE = SuspendButtonTests/Info.plist;
				LD_RUNPATH_SEARCH_PATHS = "$(inherited) @executable_path/Frameworks @loader_path/Frameworks";
				PRODUCT_BUNDLE_IDENTIFIER = "http---www.jianshu.com-u-6ae311ad394d.SuspendButtonTests";
				PRODUCT_NAME = "$(TARGET_NAME)";
				SWIFT_VERSION = 4.0;
				TARGETED_DEVICE_FAMILY = "1,2";
				TEST_HOST = "$(BUILT_PRODUCTS_DIR)/SuspendButton.app/SuspendButton";
			};
			name = Debug;
		};
		9B2FA8191FD4FC8500CEF9F1 /* Release */ = {
			isa = XCBuildConfiguration;
			buildSettings = {
				ALWAYS_EMBED_SWIFT_STANDARD_LIBRARIES = YES;
				BUNDLE_LOADER = "$(TEST_HOST)";
				CODE_SIGN_STYLE = Automatic;
				INFOPLIST_FILE = SuspendButtonTests/Info.plist;
				LD_RUNPATH_SEARCH_PATHS = "$(inherited) @executable_path/Frameworks @loader_path/Frameworks";
				PRODUCT_BUNDLE_IDENTIFIER = "http---www.jianshu.com-u-6ae311ad394d.SuspendButtonTests";
				PRODUCT_NAME = "$(TARGET_NAME)";
				SWIFT_VERSION = 4.0;
				TARGETED_DEVICE_FAMILY = "1,2";
				TEST_HOST = "$(BUILT_PRODUCTS_DIR)/SuspendButton.app/SuspendButton";
			};
			name = Release;
		};
		9B2FA81B1FD4FC8500CEF9F1 /* Debug */ = {
			isa = XCBuildConfiguration;
			buildSettings = {
				ALWAYS_EMBED_SWIFT_STANDARD_LIBRARIES = YES;
				CODE_SIGN_STYLE = Automatic;
				INFOPLIST_FILE = SuspendButtonUITests/Info.plist;
				LD_RUNPATH_SEARCH_PATHS = "$(inherited) @executable_path/Frameworks @loader_path/Frameworks";
				PRODUCT_BUNDLE_IDENTIFIER = "http---www.jianshu.com-u-6ae311ad394d.SuspendButtonUITests";
				PRODUCT_NAME = "$(TARGET_NAME)";
				SWIFT_VERSION = 4.0;
				TARGETED_DEVICE_FAMILY = "1,2";
				TEST_TARGET_NAME = SuspendButton;
			};
			name = Debug;
		};
		9B2FA81C1FD4FC8500CEF9F1 /* Release */ = {
			isa = XCBuildConfiguration;
			buildSettings = {
				ALWAYS_EMBED_SWIFT_STANDARD_LIBRARIES = YES;
				CODE_SIGN_STYLE = Automatic;
				INFOPLIST_FILE = SuspendButtonUITests/Info.plist;
				LD_RUNPATH_SEARCH_PATHS = "$(inherited) @executable_path/Frameworks @loader_path/Frameworks";
				PRODUCT_BUNDLE_IDENTIFIER = "http---www.jianshu.com-u-6ae311ad394d.SuspendButtonUITests";
				PRODUCT_NAME = "$(TARGET_NAME)";
				SWIFT_VERSION = 4.0;
				TARGETED_DEVICE_FAMILY = "1,2";
				TEST_TARGET_NAME = SuspendButton;
			};
			name = Release;
		};
/* End XCBuildConfiguration section */

/* Begin XCConfigurationList section */
		9B2FA7E71FD4FC8500CEF9F1 /* Build configuration list for PBXProject "SuspendButton" */ = {
			isa = XCConfigurationList;
			buildConfigurations = (
				9B2FA8121FD4FC8500CEF9F1 /* Debug */,
				9B2FA8131FD4FC8500CEF9F1 /* Release */,
			);
			defaultConfigurationIsVisible = 0;
			defaultConfigurationName = Release;
		};
		9B2FA8141FD4FC8500CEF9F1 /* Build configuration list for PBXNativeTarget "SuspendButton" */ = {
			isa = XCConfigurationList;
			buildConfigurations = (
				9B2FA8151FD4FC8500CEF9F1 /* Debug */,
				9B2FA8161FD4FC8500CEF9F1 /* Release */,
			);
			defaultConfigurationIsVisible = 0;
			defaultConfigurationName = Release;
		};
		9B2FA8171FD4FC8500CEF9F1 /* Build configuration list for PBXNativeTarget "SuspendButtonTests" */ = {
			isa = XCConfigurationList;
			buildConfigurations = (
				9B2FA8181FD4FC8500CEF9F1 /* Debug */,
				9B2FA8191FD4FC8500CEF9F1 /* Release */,
			);
			defaultConfigurationIsVisible = 0;
			defaultConfigurationName = Release;
		};
		9B2FA81A1FD4FC8500CEF9F1 /* Build configuration list for PBXNativeTarget "SuspendButtonUITests" */ = {
			isa = XCConfigurationList;
			buildConfigurations = (
				9B2FA81B1FD4FC8500CEF9F1 /* Debug */,
				9B2FA81C1FD4FC8500CEF9F1 /* Release */,
			);
			defaultConfigurationIsVisible = 0;
			defaultConfigurationName = Release;
		};
/* End XCConfigurationList section */
	};
	rootObject = 9B2FA7E41FD4FC8500CEF9F1 /* Project object */;
}
